// !$*UTF8*$!
{
	archiveVersion = 1;
	classes = {
	};
	objectVersion = 46;
	objects = {

/* Begin PBXBuildFile section */
		A344022A1D9D0AC20012EDA1 /* irsans_p30download.com.ttf in Resources */ = {isa = PBXBuildFile; fileRef = A34402291D9D061D0012EDA1 /* irsans_p30download.com.ttf */; };
		A39F49051D9BA2CF002755A3 /* AppDelegate.swift in Sources */ = {isa = PBXBuildFile; fileRef = A39F49041D9BA2CF002755A3 /* AppDelegate.swift */; };
		A39F490A1D9BA2CF002755A3 /* Main.storyboard in Resources */ = {isa = PBXBuildFile; fileRef = A39F49081D9BA2CF002755A3 /* Main.storyboard */; };
		A39F490D1D9BA2CF002755A3 /* Jahesh_Project.xcdatamodeld in Sources */ = {isa = PBXBuildFile; fileRef = A39F490B1D9BA2CF002755A3 /* Jahesh_Project.xcdatamodeld */; };
		A39F490F1D9BA2CF002755A3 /* Assets.xcassets in Resources */ = {isa = PBXBuildFile; fileRef = A39F490E1D9BA2CF002755A3 /* Assets.xcassets */; };
		A39F49121D9BA2CF002755A3 /* LaunchScreen.storyboard in Resources */ = {isa = PBXBuildFile; fileRef = A39F49101D9BA2CF002755A3 /* LaunchScreen.storyboard */; };
		A39F491E1D9BCD50002755A3 /* TopSellersCell.swift in Sources */ = {isa = PBXBuildFile; fileRef = A39F491D1D9BCD50002755A3 /* TopSellersCell.swift */; };
		A39F49201D9BD186002755A3 /* NewProductsCell.swift in Sources */ = {isa = PBXBuildFile; fileRef = A39F491F1D9BD186002755A3 /* NewProductsCell.swift */; };
		A39F49221D9BD6BA002755A3 /* MainViewController.swift in Sources */ = {isa = PBXBuildFile; fileRef = A39F49211D9BD6BA002755A3 /* MainViewController.swift */; };
/* End PBXBuildFile section */

/* Begin PBXFileReference section */
		A34402291D9D061D0012EDA1 /* irsans_p30download.com.ttf */ = {isa = PBXFileReference; lastKnownFileType = file; path = irsans_p30download.com.ttf; sourceTree = "<group>"; };
		A39F49011D9BA2CE002755A3 /* Jahesh-Project.app */ = {isa = PBXFileReference; explicitFileType = wrapper.application; includeInIndex = 0; path = "Jahesh-Project.app"; sourceTree = BUILT_PRODUCTS_DIR; };
		A39F49041D9BA2CF002755A3 /* AppDelegate.swift */ = {isa = PBXFileReference; lastKnownFileType = sourcecode.swift; path = AppDelegate.swift; sourceTree = "<group>"; };
		A39F49091D9BA2CF002755A3 /* Base */ = {isa = PBXFileReference; lastKnownFileType = file.storyboard; name = Base; path = Base.lproj/Main.storyboard; sourceTree = "<group>"; };
		A39F490C1D9BA2CF002755A3 /* Jahesh_Project.xcdatamodel */ = {isa = PBXFileReference; lastKnownFileType = wrapper.xcdatamodel; path = Jahesh_Project.xcdatamodel; sourceTree = "<group>"; };
		A39F490E1D9BA2CF002755A3 /* Assets.xcassets */ = {isa = PBXFileReference; lastKnownFileType = folder.assetcatalog; path = Assets.xcassets; sourceTree = "<group>"; };
		A39F49111D9BA2CF002755A3 /* Base */ = {isa = PBXFileReference; lastKnownFileType = file.storyboard; name = Base; path = Base.lproj/LaunchScreen.storyboard; sourceTree = "<group>"; };
		A39F49131D9BA2CF002755A3 /* Info.plist */ = {isa = PBXFileReference; lastKnownFileType = text.plist.xml; path = Info.plist; sourceTree = "<group>"; };
		A39F491D1D9BCD50002755A3 /* TopSellersCell.swift */ = {isa = PBXFileReference; fileEncoding = 4; lastKnownFileType = sourcecode.swift; path = TopSellersCell.swift; sourceTree = "<group>"; };
		A39F491F1D9BD186002755A3 /* NewProductsCell.swift */ = {isa = PBXFileReference; fileEncoding = 4; lastKnownFileType = sourcecode.swift; path = NewProductsCell.swift; sourceTree = "<group>"; };
		A39F49211D9BD6BA002755A3 /* MainViewController.swift */ = {isa = PBXFileReference; fileEncoding = 4; lastKnownFileType = sourcecode.swift; path = MainViewController.swift; sourceTree = "<group>"; };
/* End PBXFileReference section */

/* Begin PBXFrameworksBuildPhase section */
		A39F48FE1D9BA2CE002755A3 /* Frameworks */ = {
			isa = PBXFrameworksBuildPhase;
			buildActionMask = 2147483647;
			files = (
			);
			runOnlyForDeploymentPostprocessing = 0;
		};
/* End PBXFrameworksBuildPhase section */

/* Begin PBXGroup section */
		A39F48F81D9BA2CE002755A3 = {
			isa = PBXGroup;
			children = (
				A39F49031D9BA2CE002755A3 /* Jahesh-Project */,
				A39F49021D9BA2CE002755A3 /* Products */,
			);
			sourceTree = "<group>";
		};
		A39F49021D9BA2CE002755A3 /* Products */ = {
			isa = PBXGroup;
			children = (
				A39F49011D9BA2CE002755A3 /* Jahesh-Project.app */,
			);
			name = Products;
			sourceTree = "<group>";
		};
		A39F49031D9BA2CE002755A3 /* Jahesh-Project */ = {
			isa = PBXGroup;
			children = (
				A39F49041D9BA2CF002755A3 /* AppDelegate.swift */,
				A39F49211D9BD6BA002755A3 /* MainViewController.swift */,
				A39F491F1D9BD186002755A3 /* NewProductsCell.swift */,
				A39F491D1D9BCD50002755A3 /* TopSellersCell.swift */,
				A39F49081D9BA2CF002755A3 /* Main.storyboard */,
				A39F490E1D9BA2CF002755A3 /* Assets.xcassets */,
				A34402291D9D061D0012EDA1 /* irsans_p30download.com.ttf */,
				A39F49101D9BA2CF002755A3 /* LaunchScreen.storyboard */,
				A39F49131D9BA2CF002755A3 /* Info.plist */,
				A39F490B1D9BA2CF002755A3 /* Jahesh_Project.xcdatamodeld */,
			);
			path = "Jahesh-Project";
			sourceTree = "<group>";
		};
/* End PBXGroup section */

/* Begin PBXNativeTarget section */
		A39F49001D9BA2CE002755A3 /* Jahesh-Project */ = {
			isa = PBXNativeTarget;
			buildConfigurationList = A39F49161D9BA2CF002755A3 /* Build configuration list for PBXNativeTarget "Jahesh-Project" */;
			buildPhases = (
				A39F48FD1D9BA2CE002755A3 /* Sources */,
				A39F48FE1D9BA2CE002755A3 /* Frameworks */,
				A39F48FF1D9BA2CE002755A3 /* Resources */,
			);
			buildRules = (
			);
			dependencies = (
			);
			name = "Jahesh-Project";
			productName = "Jahesh-Project";
			productReference = A39F49011D9BA2CE002755A3 /* Jahesh-Project.app */;
			productType = "com.apple.product-type.application";
		};
/* End PBXNativeTarget section */

/* Begin PBXProject section */
		A39F48F91D9BA2CE002755A3 /* Project object */ = {
			isa = PBXProject;
			attributes = {
				LastSwiftUpdateCheck = 0730;
				LastUpgradeCheck = 0800;
				ORGANIZATIONNAME = "Ali-Soume";
				TargetAttributes = {
					A39F49001D9BA2CE002755A3 = {
						CreatedOnToolsVersion = 7.3.1;
						LastSwiftMigration = 0800;
					};
				};
			};
			buildConfigurationList = A39F48FC1D9BA2CE002755A3 /* Build configuration list for PBXProject "Jahesh-Project" */;
			compatibilityVersion = "Xcode 3.2";
			developmentRegion = English;
			hasScannedForEncodings = 0;
			knownRegions = (
				en,
				Base,
			);
			mainGroup = A39F48F81D9BA2CE002755A3;
			productRefGroup = A39F49021D9BA2CE002755A3 /* Products */;
			projectDirPath = "";
			projectRoot = "";
			targets = (
				A39F49001D9BA2CE002755A3 /* Jahesh-Project */,
			);
		};
/* End PBXProject section */

/* Begin PBXResourcesBuildPhase section */
		A39F48FF1D9BA2CE002755A3 /* Resources */ = {
			isa = PBXResourcesBuildPhase;
			buildActionMask = 2147483647;
			files = (
				A344022A1D9D0AC20012EDA1 /* irsans_p30download.com.ttf in Resources */,
				A39F49121D9BA2CF002755A3 /* LaunchScreen.storyboard in Resources */,
				A39F490F1D9BA2CF002755A3 /* Assets.xcassets in Resources */,
				A39F490A1D9BA2CF002755A3 /* Main.storyboard in Resources */,
			);
			runOnlyForDeploymentPostprocessing = 0;
		};
/* End PBXResourcesBuildPhase section */

/* Begin PBXSourcesBuildPhase section */
		A39F48FD1D9BA2CE002755A3 /* Sources */ = {
			isa = PBXSourcesBuildPhase;
			buildActionMask = 2147483647;
			files = (
				A39F491E1D9BCD50002755A3 /* TopSellersCell.swift in Sources */,
				A39F49051D9BA2CF002755A3 /* AppDelegate.swift in Sources */,
				A39F49221D9BD6BA002755A3 /* MainViewController.swift in Sources */,
				A39F49201D9BD186002755A3 /* NewProductsCell.swift in Sources */,
				A39F490D1D9BA2CF002755A3 /* Jahesh_Project.xcdatamodeld in Sources */,
			);
			runOnlyForDeploymentPostprocessing = 0;
		};
/* End PBXSourcesBuildPhase section */

/* Begin PBXVariantGroup section */
		A39F49081D9BA2CF002755A3 /* Main.storyboard */ = {
			isa = PBXVariantGroup;
			children = (
				A39F49091D9BA2CF002755A3 /* Base */,
			);
			name = Main.storyboard;
			sourceTree = "<group>";
		};
		A39F49101D9BA2CF002755A3 /* LaunchScreen.storyboard */ = {
			isa = PBXVariantGroup;
			children = (
				A39F49111D9BA2CF002755A3 /* Base */,
			);
			name = LaunchScreen.storyboard;
			sourceTree = "<group>";
		};
/* End PBXVariantGroup section */

/* Begin XCBuildConfiguration section */
		A39F49141D9BA2CF002755A3 /* Debug */ = {
			isa = XCBuildConfiguration;
			buildSettings = {
				ALWAYS_SEARCH_USER_PATHS = NO;
				CLANG_ANALYZER_NONNULL = YES;
				CLANG_CXX_LANGUAGE_STANDARD = "gnu++0x";
				CLANG_CXX_LIBRARY = "libc++";
				CLANG_ENABLE_MODULES = YES;
				CLANG_ENABLE_OBJC_ARC = YES;
				CLANG_WARN_BOOL_CONVERSION = YES;
				CLANG_WARN_CONSTANT_CONVERSION = YES;
				CLANG_WARN_DIRECT_OBJC_ISA_USAGE = YES_ERROR;
				CLANG_WARN_EMPTY_BODY = YES;
				CLANG_WARN_ENUM_CONVERSION = YES;
				CLANG_WARN_INFINITE_RECURSION = YES;
				CLANG_WARN_INT_CONVERSION = YES;
				CLANG_WARN_OBJC_ROOT_CLASS = YES_ERROR;
				CLANG_WARN_SUSPICIOUS_MOVE = YES;
				CLANG_WARN_UNREACHABLE_CODE = YES;
				CLANG_WARN__DUPLICATE_METHOD_MATCH = YES;
				"CODE_SIGN_IDENTITY[sdk=iphoneos*]" = "iPhone Developer";
				COPY_PHASE_STRIP = NO;
				DEBUG_INFORMATION_FORMAT = dwarf;
				ENABLE_STRICT_OBJC_MSGSEND = YES;
				ENABLE_TESTABILITY = YES;
				GCC_C_LANGUAGE_STANDARD = gnu99;
				GCC_DYNAMIC_NO_PIC = NO;
				GCC_NO_COMMON_BLOCKS = YES;
				GCC_OPTIMIZATION_LEVEL = 0;
				GCC_PREPROCESSOR_DEFINITIONS = (
					"DEBUG=1",
					"$(inherited)",
				);
				GCC_WARN_64_TO_32_BIT_CONVERSION = YES;
				GCC_WARN_ABOUT_RETURN_TYPE = YES_ERROR;
				GCC_WARN_UNDECLARED_SELECTOR = YES;
				GCC_WARN_UNINITIALIZED_AUTOS = YES_AGGRESSIVE;
				GCC_WARN_UNUSED_FUNCTION = YES;
				GCC_WARN_UNUSED_VARIABLE = YES;
				IPHONEOS_DEPLOYMENT_TARGET = 9.3;
				MTL_ENABLE_DEBUG_INFO = YES;
				ONLY_ACTIVE_ARCH = YES;
				SDKROOT = iphoneos;
				SWIFT_OPTIMIZATION_LEVEL = "-Onone";
				TARGETED_DEVICE_FAMILY = "1,2";
			};
			name = Debug;
		};
		A39F49151D9BA2CF002755A3 /* Release */ = {
			isa = XCBuildConfiguration;
			buildSettings = {
				ALWAYS_SEARCH_USER_PATHS = NO;
				CLANG_ANALYZER_NONNULL = YES;
				CLANG_CXX_LANGUAGE_STANDARD = "gnu++0x";
				CLANG_CXX_LIBRARY = "libc++";
				CLANG_ENABLE_MODULES = YES;
				CLANG_ENABLE_OBJC_ARC = YES;
				CLANG_WARN_BOOL_CONVERSION = YES;
				CLANG_WARN_CONSTANT_CONVERSION = YES;
				CLANG_WARN_DIRECT_OBJC_ISA_USAGE = YES_ERROR;
				CLANG_WARN_EMPTY_BODY = YES;
				CLANG_WARN_ENUM_CONVERSION = YES;
				CLANG_WARN_INFINITE_RECURSION = YES;
				CLANG_WARN_INT_CONVERSION = YES;
				CLANG_WARN_OBJC_ROOT_CLASS = YES_ERROR;
				CLANG_WARN_SUSPICIOUS_MOVE = YES;
				CLANG_WARN_UNREACHABLE_CODE = YES;
				CLANG_WARN__DUPLICATE_METHOD_MATCH = YES;
				"CODE_SIGN_IDENTITY[sdk=iphoneos*]" = "iPhone Developer";
				COPY_PHASE_STRIP = NO;
				DEBUG_INFORMATION_FORMAT = "dwarf-with-dsym";
				ENABLE_NS_ASSERTIONS = NO;
				ENABLE_STRICT_OBJC_MSGSEND = YES;
				GCC_C_LANGUAGE_STANDARD = gnu99;
				GCC_NO_COMMON_BLOCKS = YES;
				GCC_WARN_64_TO_32_BIT_CONVERSION = YES;
				GCC_WARN_ABOUT_RETURN_TYPE = YES_ERROR;
				GCC_WARN_UNDECLARED_SELECTOR = YES;
				GCC_WARN_UNINITIALIZED_AUTOS = YES_AGGRESSIVE;
				GCC_WARN_UNUSED_FUNCTION = YES;
				GCC_WARN_UNUSED_VARIABLE = YES;
				IPHONEOS_DEPLOYMENT_TARGET = 9.3;
				MTL_ENABLE_DEBUG_INFO = NO;
				SDKROOT = iphoneos;
				SWIFT_OPTIMIZATION_LEVEL = "-Owholemodule";
				TARGETED_DEVICE_FAMILY = "1,2";
				VALIDATE_PRODUCT = YES;
			};
			name = Release;
		};
		A39F49171D9BA2CF002755A3 /* Debug */ = {
			isa = XCBuildConfiguration;
			buildSettings = {
				ASSETCATALOG_COMPILER_APPICON_NAME = AppIcon;
				INFOPLIST_FILE = "Jahesh-Project/Info.plist";
				IPHONEOS_DEPLOYMENT_TARGET = 9.3;
				LD_RUNPATH_SEARCH_PATHS = "$(inherited) @executable_path/Frameworks";
				PRODUCT_BUNDLE_IDENTIFIER = "Ali-Soume.Jahesh-Project";
				PRODUCT_NAME = "$(TARGET_NAME)";
				SWIFT_VERSION = 3.0;
			};
			name = Debug;
		};
		A39F49181D9BA2CF002755A3 /* Release */ = {
			isa = XCBuildConfiguration;
			buildSettings = {
				ASSETCATALOG_COMPILER_APPICON_NAME = AppIcon;
				INFOPLIST_FILE = "Jahesh-Project/Info.plist";
				IPHONEOS_DEPLOYMENT_TARGET = 9.3;
				LD_RUNPATH_SEARCH_PATHS = "$(inherited) @executable_path/Frameworks";
				PRODUCT_BUNDLE_IDENTIFIER = "Ali-Soume.Jahesh-Project";
				PRODUCT_NAME = "$(TARGET_NAME)";
				SWIFT_VERSION = 3.0;
			};
			name = Release;
		};
/* End XCBuildConfiguration section */

/* Begin XCConfigurationList section */
		A39F48FC1D9BA2CE002755A3 /* Build configuration list for PBXProject "Jahesh-Project" */ = {
			isa = XCConfigurationList;
			buildConfigurations = (
				A39F49141D9BA2CF002755A3 /* Debug */,
				A39F49151D9BA2CF002755A3 /* Release */,
			);
			defaultConfigurationIsVisible = 0;
			defaultConfigurationName = Release;
		};
		A39F49161D9BA2CF002755A3 /* Build configuration list for PBXNativeTarget "Jahesh-Project" */ = {
			isa = XCConfigurationList;
			buildConfigurations = (
				A39F49171D9BA2CF002755A3 /* Debug */,
				A39F49181D9BA2CF002755A3 /* Release */,
			);
			defaultConfigurationIsVisible = 0;
			defaultConfigurationName = Release;
		};
/* End XCConfigurationList section */

/* Begin XCVersionGroup section */
		A39F490B1D9BA2CF002755A3 /* Jahesh_Project.xcdatamodeld */ = {
			isa = XCVersionGroup;
			children = (
				A39F490C1D9BA2CF002755A3 /* Jahesh_Project.xcdatamodel */,
			);
			currentVersion = A39F490C1D9BA2CF002755A3 /* Jahesh_Project.xcdatamodel */;
			path = Jahesh_Project.xcdatamodeld;
			sourceTree = "<group>";
			versionGroupType = wrapper.xcdatamodel;
		};
/* End XCVersionGroup section */
	};
	rootObject = A39F48F91D9BA2CE002755A3 /* Project object */;
}
